
Microsoft Visual Studio Solution File, Format Version 12.00
# Visual Studio Version 16
VisualStudioVersion = 16.0.31729.503
MinimumVisualStudioVersion = 10.0.40219.1
Project("{FAE04EC0-301F-11D3-BF4B-00C04F79EFBC}") = "Task1", "Task1\Task1.csproj", "{73DEA3D1-A2D7-4474-89D4-99E66E79056B}"
EndProject
Global
	GlobalSection(SolutionConfigurationPlatforms) = preSolution
		Debug|Any CPU = Debug|Any CPU
		Release|Any CPU = Release|Any CPU
	EndGlobalSection
	GlobalSection(ProjectConfigurationPlatforms) = postSolution
		{73DEA3D1-A2D7-4474-89D4-99E66E79056B}.Debug|Any CPU.ActiveCfg = Debug|Any CPU
		{73DEA3D1-A2D7-4474-89D4-99E66E79056B}.Debug|Any CPU.Build.0 = Debug|Any CPU
		{73DEA3D1-A2D7-4474-89D4-99E66E79056B}.Release|Any CPU.ActiveCfg = Release|Any CPU
		{73DEA3D1-A2D7-4474-89D4-99E66E79056B}.Release|Any CPU.Build.0 = Release|Any CPU
	EndGlobalSection
	GlobalSection(SolutionProperties) = preSolution
		HideSolutionNode = FALSE
	EndGlobalSection
	GlobalSection(ExtensibilityGlobals) = postSolution
		SolutionGuid = {F7DF74FF-0D82-4823-A5B9-3092F31063D0}
	EndGlobalSection
EndGlobal
